
Microsoft Visual Studio Solution File, Format Version 12.00
# Visual Studio Version 16
VisualStudioVersion = 16.0.28803.352
MinimumVisualStudioVersion = 10.0.40219.1
Project("{FAE04EC0-301F-11D3-BF4B-00C04F79EFBC}") = "AVL_With_Parents", "AVL_With_Parents\AVL_With_Parents.csproj", "{7583950E-03BB-44BC-9514-982173E8D9EB}"
EndProject
Project("{9A19103F-16F7-4668-BE54-9A1E7A4F7556}") = "AVL Test", "AVL Test\AVL Test.csproj", "{32C1783B-6927-49D1-ADF6-2CA446AC9F44}"
EndProject
Project("{FAE04EC0-301F-11D3-BF4B-00C04F79EFBC}") = "AVL", "AVL\AVL.csproj", "{761E4A57-D2F3-440C-9181-7C1E4303F13C}"
EndProject
Project("{9A19103F-16F7-4668-BE54-9A1E7A4F7556}") = "RedBlackTree", "RedBlackTree\RedBlackTree.csproj", "{B3552B8F-6D36-4E5B-9143-8FCB987F29A8}"
EndProject
Project("{FAE04EC0-301F-11D3-BF4B-00C04F79EFBC}") = "RedBlackTreeTest", "RedBlackTreeTest\RedBlackTreeTest.csproj", "{2590A158-7A2B-48B8-AC1D-8A67E58D9E54}"
EndProject
Global
	GlobalSection(SolutionConfigurationPlatforms) = preSolution
		Debug|Any CPU = Debug|Any CPU
		Release|Any CPU = Release|Any CPU
	EndGlobalSection
	GlobalSection(ProjectConfigurationPlatforms) = postSolution
		{7583950E-03BB-44BC-9514-982173E8D9EB}.Debug|Any CPU.ActiveCfg = Debug|Any CPU
		{7583950E-03BB-44BC-9514-982173E8D9EB}.Debug|Any CPU.Build.0 = Debug|Any CPU
		{7583950E-03BB-44BC-9514-982173E8D9EB}.Release|Any CPU.ActiveCfg = Release|Any CPU
		{7583950E-03BB-44BC-9514-982173E8D9EB}.Release|Any CPU.Build.0 = Release|Any CPU
		{32C1783B-6927-49D1-ADF6-2CA446AC9F44}.Debug|Any CPU.ActiveCfg = Debug|Any CPU
		{32C1783B-6927-49D1-ADF6-2CA446AC9F44}.Debug|Any CPU.Build.0 = Debug|Any CPU
		{32C1783B-6927-49D1-ADF6-2CA446AC9F44}.Release|Any CPU.ActiveCfg = Release|Any CPU
		{32C1783B-6927-49D1-ADF6-2CA446AC9F44}.Release|Any CPU.Build.0 = Release|Any CPU
		{761E4A57-D2F3-440C-9181-7C1E4303F13C}.Debug|Any CPU.ActiveCfg = Debug|Any CPU
		{761E4A57-D2F3-440C-9181-7C1E4303F13C}.Debug|Any CPU.Build.0 = Debug|Any CPU
		{761E4A57-D2F3-440C-9181-7C1E4303F13C}.Release|Any CPU.ActiveCfg = Release|Any CPU
		{761E4A57-D2F3-440C-9181-7C1E4303F13C}.Release|Any CPU.Build.0 = Release|Any CPU
		{B3552B8F-6D36-4E5B-9143-8FCB987F29A8}.Debug|Any CPU.ActiveCfg = Debug|Any CPU
		{B3552B8F-6D36-4E5B-9143-8FCB987F29A8}.Debug|Any CPU.Build.0 = Debug|Any CPU
		{B3552B8F-6D36-4E5B-9143-8FCB987F29A8}.Release|Any CPU.ActiveCfg = Release|Any CPU
		{B3552B8F-6D36-4E5B-9143-8FCB987F29A8}.Release|Any CPU.Build.0 = Release|Any CPU
		{2590A158-7A2B-48B8-AC1D-8A67E58D9E54}.Debug|Any CPU.ActiveCfg = Debug|Any CPU
		{2590A158-7A2B-48B8-AC1D-8A67E58D9E54}.Debug|Any CPU.Build.0 = Debug|Any CPU
		{2590A158-7A2B-48B8-AC1D-8A67E58D9E54}.Release|Any CPU.ActiveCfg = Release|Any CPU
		{2590A158-7A2B-48B8-AC1D-8A67E58D9E54}.Release|Any CPU.Build.0 = Release|Any CPU
	EndGlobalSection
	GlobalSection(SolutionProperties) = preSolution
		HideSolutionNode = FALSE
	EndGlobalSection
	GlobalSection(ExtensibilityGlobals) = postSolution
		SolutionGuid = {95F0257B-AE65-4792-849B-7D4BDC4E2B40}
	EndGlobalSection
EndGlobal
